{
    "requires": true,
    "lockfileVersion": 1,
    "dependencies": {
        "html-es6cape": {
            "version": "1.0.5",
            "resolved": "https://registry.npmjs.org/html-es6cape/-/html-es6cape-1.0.5.tgz",
            "integrity": "sha1-86Q3iDsFlKAbF1pqKDMJCSCzfYU="
        },
        "html-template-tag": {
            "version": "3.2.0",
            "resolved": "https://registry.npmjs.org/html-template-tag/-/html-template-tag-3.2.0.tgz",
            "integrity": "sha512-dt/21zLAVPBB3M4j6dCE46LyG8PcHHIUTYiBTIRDw1yg4nGaVbKEVHVsm3BpeJzlSB6n9BrcW6kP4zJE9mS3ew==",
            "requires": {
                "html-es6cape": "^1.0.5"
            }
        }
    }
}
